
Microsoft Visual Studio Solution File, Format Version 12.00
# Visual Studio Version 16
VisualStudioVersion = 16.0.30320.27
MinimumVisualStudioVersion = 10.0.40219.1
Project("{2150E333-8FDC-42A3-9474-1A3956D46DE8}") = "AoC2020", "AoC2020", "{2D3937C3-3424-4170-8136-1102877FD9DA}"
EndProject
Project("{2150E333-8FDC-42A3-9474-1A3956D46DE8}") = "AoC2021", "AoC2021", "{07F57508-90AC-479D-9522-9CEF22622519}"
EndProject
Project("{2150E333-8FDC-42A3-9474-1A3956D46DE8}") = "AoC2019", "AoC2019", "{ECDAE08D-1877-4B7E-B1F7-A8BE70156802}"
EndProject
Project("{888888A0-9F3D-457C-B088-3A5042F75D52}") = "AoC2020Day01", "2020\AoC2020Day1\AoC2020Day01.pyproj", "{167203A7-25EC-4968-8E2A-6209779545F8}"
EndProject
Project("{888888A0-9F3D-457C-B088-3A5042F75D52}") = "AoC2020Day02", "2020\AoC2020Day2\AoC2020Day02.pyproj", "{3DE99BE8-DD1D-4530-A633-D5CA1C18DC92}"
EndProject
Project("{888888A0-9F3D-457C-B088-3A5042F75D52}") = "AoC2020Day03", "2020\AoC2020Day3\AoC2020Day03.pyproj", "{D82F0CB6-C9A1-4786-911F-A58A765852F6}"
EndProject
Project("{888888A0-9F3D-457C-B088-3A5042F75D52}") = "AoC2020Day04", "2020\AoC2020Day4\AoC2020Day04.pyproj", "{B4A1E7FD-C0E4-4131-B1E8-341AA8364E43}"
EndProject
Project("{888888A0-9F3D-457C-B088-3A5042F75D52}") = "AoC2020Day05", "2020\AoC2020Day5\AoC2020Day05.pyproj", "{DC723339-9691-4D85-A933-44D0908BCBC8}"
EndProject
Project("{888888A0-9F3D-457C-B088-3A5042F75D52}") = "AoC2020Day06", "2020\AoC2020Day6\AoC2020Day06.pyproj", "{0B68DDE9-BC84-43A0-9F29-C68248C1DC93}"
EndProject
Project("{888888A0-9F3D-457C-B088-3A5042F75D52}") = "AoC2020Day07", "2020\AoC2020Day7\AoC2020Day07.pyproj", "{C8B842DE-96E0-4D43-AAAF-5261AF8BC7C3}"
EndProject
Project("{888888A0-9F3D-457C-B088-3A5042F75D52}") = "AoC2020Day08", "2020\AoC2020Day8\AoC2020Day08.pyproj", "{34343ADC-B8BF-4883-8D6D-0953EFA89FA0}"
EndProject
Project("{888888A0-9F3D-457C-B088-3A5042F75D52}") = "AoC2020Day09", "2020\AoC2020Day9\AoC2020Day09.pyproj", "{0482A196-0A14-407C-A9E8-E587FA529DA3}"
EndProject
Project("{888888A0-9F3D-457C-B088-3A5042F75D52}") = "AoC2020Day10", "2020\AoC2020Day10\AoC2020Day10.pyproj", "{D2E9B256-65CF-4EFF-927A-82C8A4A4C5F1}"
EndProject
Project("{888888A0-9F3D-457C-B088-3A5042F75D52}") = "AoC2020Day11", "2020\AoC2020Day11\AoC2020Day11.pyproj", "{4F86A723-4E5C-4E81-A5F4-5738DF3CDFEE}"
EndProject
Project("{888888A0-9F3D-457C-B088-3A5042F75D52}") = "AoC2020Day12", "2020\AoC2020Day12\AoC2020Day12.pyproj", "{0F1DFDD1-7F83-4D2C-BE4F-8D525C6501E3}"
EndProject
Project("{888888A0-9F3D-457C-B088-3A5042F75D52}") = "AoC2020Day13", "2020\AoC2020Day13\AoC2020Day13.pyproj", "{697036B8-62A8-4EB5-BF8A-4EE3B678E2EE}"
EndProject
Project("{888888A0-9F3D-457C-B088-3A5042F75D52}") = "AoC2020Day15", "2020\AoC2020Day15\AoC2020Day15.pyproj", "{9EA7DF18-9180-409E-A5FE-ED81ABFAE818}"
EndProject
Project("{888888A0-9F3D-457C-B088-3A5042F75D52}") = "AoC2020Day14", "2020\AoC2020Day14\AoC2020Day14.pyproj", "{AC3AD587-BAC7-4510-9CD0-43D3C33B7CBA}"
EndProject
Project("{888888A0-9F3D-457C-B088-3A5042F75D52}") = "AoC2019Day01", "2019\AoC2019Day01\AoC2019Day01.pyproj", "{E2240BF6-6BE7-4C41-8ED3-60F394AED103}"
EndProject
Project("{888888A0-9F3D-457C-B088-3A5042F75D52}") = "AoC2019Day02", "2019\AoC2019Day02\AoC2019Day02.pyproj", "{4169925F-E30C-4B24-87EC-57383223E6AD}"
EndProject
Project("{888888A0-9F3D-457C-B088-3A5042F75D52}") = "AoC2019Day03", "2019\AoC2019Day03\AoC2019Day03.pyproj", "{E85D48A4-6ECC-436A-80C7-AAC8DDBDD9F4}"
EndProject
Project("{888888A0-9F3D-457C-B088-3A5042F75D52}") = "AoC2019Day04", "2019\AoC2019Day04\AoC2019Day04.pyproj", "{8E33EE40-2639-47C1-B4EE-FDC1685B377A}"
EndProject
Project("{888888A0-9F3D-457C-B088-3A5042F75D52}") = "AoC2019Day05", "2019\AoC2019Day05\AoC2019Day05.pyproj", "{680DF4B6-FBC3-4714-8907-5011430F7CEB}"
EndProject
Project("{888888A0-9F3D-457C-B088-3A5042F75D52}") = "AoC2019Day06", "2019\AoC2019Day06\AoC2019Day06.pyproj", "{C95B51B6-F0B2-4EB5-A068-A3AE7E32D887}"
EndProject
Project("{888888A0-9F3D-457C-B088-3A5042F75D52}") = "AoC2019Day07", "2019\AoC2019Day07\AoC2019Day07.pyproj", "{7BA6016D-EEE8-4898-810D-8CE1885F959E}"
EndProject
Project("{888888A0-9F3D-457C-B088-3A5042F75D52}") = "AoC2019Day08", "2019\AoC2019Day08\AoC2019Day08.pyproj", "{4AB9A36B-1C1D-479A-A19B-C51719FD95EB}"
EndProject
Project("{888888A0-9F3D-457C-B088-3A5042F75D52}") = "AoC2019Day09", "2019\AoC2019Day09\AoC2019Day09.pyproj", "{62694BE7-A026-4DED-A1F0-4772785F23C6}"
EndProject
Project("{888888A0-9F3D-457C-B088-3A5042F75D52}") = "AoC2019Day10", "2019\AoC2019Day10\AoC2019Day10.pyproj", "{116037D5-35B5-485A-9F8B-2D3E44F6347B}"
EndProject
Project("{888888A0-9F3D-457C-B088-3A5042F75D52}") = "AoC2019Day11", "2019\AoC2019Day11\AoC2019Day11.pyproj", "{C190BE6B-5F08-4552-AEA9-B87EB6095AB7}"
EndProject
Project("{888888A0-9F3D-457C-B088-3A5042F75D52}") = "AoC2021Day03", "2021\AoC2021Day03\AoC2021Day03.pyproj", "{299D94DF-A8E1-48AD-9554-9E7C4A012717}"
EndProject
Project("{888888A0-9F3D-457C-B088-3A5042F75D52}") = "AoC2021Day01", "2021\AoC2021Day01\AoC2021Day01.pyproj", "{8218C8DA-C2B6-46F0-8E3A-1EB870336008}"
EndProject
Project("{888888A0-9F3D-457C-B088-3A5042F75D52}") = "AoC2021Day02", "2021\AoC2021Day02\AoC2021Day02.pyproj", "{3949C0AF-11F5-43EE-AB63-35DE806FC0BC}"
EndProject
Project("{888888A0-9F3D-457C-B088-3A5042F75D52}") = "AoC2021Day04", "2021\AoC2021Day04\AoC2021Day04.pyproj", "{B8EADE73-A417-433C-9A3A-C743EFDBA5FF}"
EndProject
Global
	GlobalSection(SolutionConfigurationPlatforms) = preSolution
		Debug|Any CPU = Debug|Any CPU
		Debug|x86 = Debug|x86
		Release|Any CPU = Release|Any CPU
		Release|x86 = Release|x86
	EndGlobalSection
	GlobalSection(ProjectConfigurationPlatforms) = postSolution
		{167203A7-25EC-4968-8E2A-6209779545F8}.Debug|Any CPU.ActiveCfg = Debug|Any CPU
		{167203A7-25EC-4968-8E2A-6209779545F8}.Debug|x86.ActiveCfg = Debug|Any CPU
		{167203A7-25EC-4968-8E2A-6209779545F8}.Release|Any CPU.ActiveCfg = Release|Any CPU
		{167203A7-25EC-4968-8E2A-6209779545F8}.Release|x86.ActiveCfg = Release|Any CPU
		{3DE99BE8-DD1D-4530-A633-D5CA1C18DC92}.Debug|Any CPU.ActiveCfg = Debug|Any CPU
		{3DE99BE8-DD1D-4530-A633-D5CA1C18DC92}.Debug|x86.ActiveCfg = Debug|Any CPU
		{3DE99BE8-DD1D-4530-A633-D5CA1C18DC92}.Release|Any CPU.ActiveCfg = Release|Any CPU
		{3DE99BE8-DD1D-4530-A633-D5CA1C18DC92}.Release|x86.ActiveCfg = Release|Any CPU
		{D82F0CB6-C9A1-4786-911F-A58A765852F6}.Debug|Any CPU.ActiveCfg = Debug|Any CPU
		{D82F0CB6-C9A1-4786-911F-A58A765852F6}.Debug|x86.ActiveCfg = Debug|Any CPU
		{D82F0CB6-C9A1-4786-911F-A58A765852F6}.Release|Any CPU.ActiveCfg = Release|Any CPU
		{D82F0CB6-C9A1-4786-911F-A58A765852F6}.Release|x86.ActiveCfg = Release|Any CPU
		{B4A1E7FD-C0E4-4131-B1E8-341AA8364E43}.Debug|Any CPU.ActiveCfg = Debug|Any CPU
		{B4A1E7FD-C0E4-4131-B1E8-341AA8364E43}.Debug|x86.ActiveCfg = Debug|Any CPU
		{B4A1E7FD-C0E4-4131-B1E8-341AA8364E43}.Release|Any CPU.ActiveCfg = Release|Any CPU
		{B4A1E7FD-C0E4-4131-B1E8-341AA8364E43}.Release|x86.ActiveCfg = Release|Any CPU
		{DC723339-9691-4D85-A933-44D0908BCBC8}.Debug|Any CPU.ActiveCfg = Debug|Any CPU
		{DC723339-9691-4D85-A933-44D0908BCBC8}.Debug|x86.ActiveCfg = Debug|Any CPU
		{DC723339-9691-4D85-A933-44D0908BCBC8}.Release|Any CPU.ActiveCfg = Release|Any CPU
		{DC723339-9691-4D85-A933-44D0908BCBC8}.Release|x86.ActiveCfg = Release|Any CPU
		{0B68DDE9-BC84-43A0-9F29-C68248C1DC93}.Debug|Any CPU.ActiveCfg = Debug|Any CPU
		{0B68DDE9-BC84-43A0-9F29-C68248C1DC93}.Debug|x86.ActiveCfg = Debug|Any CPU
		{0B68DDE9-BC84-43A0-9F29-C68248C1DC93}.Release|Any CPU.ActiveCfg = Release|Any CPU
		{0B68DDE9-BC84-43A0-9F29-C68248C1DC93}.Release|x86.ActiveCfg = Release|Any CPU
		{C8B842DE-96E0-4D43-AAAF-5261AF8BC7C3}.Debug|Any CPU.ActiveCfg = Debug|Any CPU
		{C8B842DE-96E0-4D43-AAAF-5261AF8BC7C3}.Debug|x86.ActiveCfg = Debug|Any CPU
		{C8B842DE-96E0-4D43-AAAF-5261AF8BC7C3}.Release|Any CPU.ActiveCfg = Release|Any CPU
		{C8B842DE-96E0-4D43-AAAF-5261AF8BC7C3}.Release|x86.ActiveCfg = Release|Any CPU
		{34343ADC-B8BF-4883-8D6D-0953EFA89FA0}.Debug|Any CPU.ActiveCfg = Debug|Any CPU
		{34343ADC-B8BF-4883-8D6D-0953EFA89FA0}.Debug|x86.ActiveCfg = Debug|Any CPU
		{34343ADC-B8BF-4883-8D6D-0953EFA89FA0}.Release|Any CPU.ActiveCfg = Release|Any CPU
		{34343ADC-B8BF-4883-8D6D-0953EFA89FA0}.Release|x86.ActiveCfg = Release|Any CPU
		{0482A196-0A14-407C-A9E8-E587FA529DA3}.Debug|Any CPU.ActiveCfg = Debug|Any CPU
		{0482A196-0A14-407C-A9E8-E587FA529DA3}.Debug|x86.ActiveCfg = Debug|Any CPU
		{0482A196-0A14-407C-A9E8-E587FA529DA3}.Release|Any CPU.ActiveCfg = Release|Any CPU
		{0482A196-0A14-407C-A9E8-E587FA529DA3}.Release|x86.ActiveCfg = Release|Any CPU
		{D2E9B256-65CF-4EFF-927A-82C8A4A4C5F1}.Debug|Any CPU.ActiveCfg = Debug|Any CPU
		{D2E9B256-65CF-4EFF-927A-82C8A4A4C5F1}.Debug|x86.ActiveCfg = Debug|Any CPU
		{D2E9B256-65CF-4EFF-927A-82C8A4A4C5F1}.Release|Any CPU.ActiveCfg = Release|Any CPU
		{D2E9B256-65CF-4EFF-927A-82C8A4A4C5F1}.Release|x86.ActiveCfg = Release|Any CPU
		{4F86A723-4E5C-4E81-A5F4-5738DF3CDFEE}.Debug|Any CPU.ActiveCfg = Debug|Any CPU
		{4F86A723-4E5C-4E81-A5F4-5738DF3CDFEE}.Debug|x86.ActiveCfg = Debug|Any CPU
		{4F86A723-4E5C-4E81-A5F4-5738DF3CDFEE}.Release|Any CPU.ActiveCfg = Release|Any CPU
		{4F86A723-4E5C-4E81-A5F4-5738DF3CDFEE}.Release|x86.ActiveCfg = Release|Any CPU
		{0F1DFDD1-7F83-4D2C-BE4F-8D525C6501E3}.Debug|Any CPU.ActiveCfg = Debug|Any CPU
		{0F1DFDD1-7F83-4D2C-BE4F-8D525C6501E3}.Debug|x86.ActiveCfg = Debug|Any CPU
		{0F1DFDD1-7F83-4D2C-BE4F-8D525C6501E3}.Release|Any CPU.ActiveCfg = Release|Any CPU
		{0F1DFDD1-7F83-4D2C-BE4F-8D525C6501E3}.Release|x86.ActiveCfg = Release|Any CPU
		{697036B8-62A8-4EB5-BF8A-4EE3B678E2EE}.Debug|Any CPU.ActiveCfg = Debug|Any CPU
		{697036B8-62A8-4EB5-BF8A-4EE3B678E2EE}.Debug|x86.ActiveCfg = Debug|Any CPU
		{697036B8-62A8-4EB5-BF8A-4EE3B678E2EE}.Release|Any CPU.ActiveCfg = Release|Any CPU
		{697036B8-62A8-4EB5-BF8A-4EE3B678E2EE}.Release|x86.ActiveCfg = Release|Any CPU
		{9EA7DF18-9180-409E-A5FE-ED81ABFAE818}.Debug|Any CPU.ActiveCfg = Debug|Any CPU
		{9EA7DF18-9180-409E-A5FE-ED81ABFAE818}.Debug|x86.ActiveCfg = Debug|Any CPU
		{9EA7DF18-9180-409E-A5FE-ED81ABFAE818}.Release|Any CPU.ActiveCfg = Release|Any CPU
		{9EA7DF18-9180-409E-A5FE-ED81ABFAE818}.Release|x86.ActiveCfg = Release|Any CPU
		{AC3AD587-BAC7-4510-9CD0-43D3C33B7CBA}.Debug|Any CPU.ActiveCfg = Debug|Any CPU
		{AC3AD587-BAC7-4510-9CD0-43D3C33B7CBA}.Debug|x86.ActiveCfg = Debug|Any CPU
		{AC3AD587-BAC7-4510-9CD0-43D3C33B7CBA}.Release|Any CPU.ActiveCfg = Release|Any CPU
		{AC3AD587-BAC7-4510-9CD0-43D3C33B7CBA}.Release|x86.ActiveCfg = Release|Any CPU
		{E2240BF6-6BE7-4C41-8ED3-60F394AED103}.Debug|Any CPU.ActiveCfg = Debug|Any CPU
		{E2240BF6-6BE7-4C41-8ED3-60F394AED103}.Debug|x86.ActiveCfg = Debug|Any CPU
		{E2240BF6-6BE7-4C41-8ED3-60F394AED103}.Release|Any CPU.ActiveCfg = Release|Any CPU
		{E2240BF6-6BE7-4C41-8ED3-60F394AED103}.Release|x86.ActiveCfg = Release|Any CPU
		{4169925F-E30C-4B24-87EC-57383223E6AD}.Debug|Any CPU.ActiveCfg = Debug|Any CPU
		{4169925F-E30C-4B24-87EC-57383223E6AD}.Debug|x86.ActiveCfg = Debug|Any CPU
		{4169925F-E30C-4B24-87EC-57383223E6AD}.Release|Any CPU.ActiveCfg = Release|Any CPU
		{4169925F-E30C-4B24-87EC-57383223E6AD}.Release|x86.ActiveCfg = Release|Any CPU
		{E85D48A4-6ECC-436A-80C7-AAC8DDBDD9F4}.Debug|Any CPU.ActiveCfg = Debug|Any CPU
		{E85D48A4-6ECC-436A-80C7-AAC8DDBDD9F4}.Debug|x86.ActiveCfg = Debug|Any CPU
		{E85D48A4-6ECC-436A-80C7-AAC8DDBDD9F4}.Release|Any CPU.ActiveCfg = Release|Any CPU
		{E85D48A4-6ECC-436A-80C7-AAC8DDBDD9F4}.Release|x86.ActiveCfg = Release|Any CPU
		{8E33EE40-2639-47C1-B4EE-FDC1685B377A}.Debug|Any CPU.ActiveCfg = Debug|Any CPU
		{8E33EE40-2639-47C1-B4EE-FDC1685B377A}.Debug|x86.ActiveCfg = Debug|Any CPU
		{8E33EE40-2639-47C1-B4EE-FDC1685B377A}.Release|Any CPU.ActiveCfg = Release|Any CPU
		{8E33EE40-2639-47C1-B4EE-FDC1685B377A}.Release|x86.ActiveCfg = Release|Any CPU
		{680DF4B6-FBC3-4714-8907-5011430F7CEB}.Debug|Any CPU.ActiveCfg = Debug|Any CPU
		{680DF4B6-FBC3-4714-8907-5011430F7CEB}.Debug|x86.ActiveCfg = Debug|Any CPU
		{680DF4B6-FBC3-4714-8907-5011430F7CEB}.Release|Any CPU.ActiveCfg = Release|Any CPU
		{680DF4B6-FBC3-4714-8907-5011430F7CEB}.Release|x86.ActiveCfg = Release|Any CPU
		{C95B51B6-F0B2-4EB5-A068-A3AE7E32D887}.Debug|Any CPU.ActiveCfg = Debug|Any CPU
		{C95B51B6-F0B2-4EB5-A068-A3AE7E32D887}.Debug|x86.ActiveCfg = Debug|Any CPU
		{C95B51B6-F0B2-4EB5-A068-A3AE7E32D887}.Release|Any CPU.ActiveCfg = Release|Any CPU
		{C95B51B6-F0B2-4EB5-A068-A3AE7E32D887}.Release|x86.ActiveCfg = Release|Any CPU
		{7BA6016D-EEE8-4898-810D-8CE1885F959E}.Debug|Any CPU.ActiveCfg = Debug|Any CPU
		{7BA6016D-EEE8-4898-810D-8CE1885F959E}.Debug|x86.ActiveCfg = Debug|Any CPU
		{7BA6016D-EEE8-4898-810D-8CE1885F959E}.Release|Any CPU.ActiveCfg = Release|Any CPU
		{7BA6016D-EEE8-4898-810D-8CE1885F959E}.Release|x86.ActiveCfg = Release|Any CPU
		{4AB9A36B-1C1D-479A-A19B-C51719FD95EB}.Debug|Any CPU.ActiveCfg = Debug|Any CPU
		{4AB9A36B-1C1D-479A-A19B-C51719FD95EB}.Debug|x86.ActiveCfg = Debug|Any CPU
		{4AB9A36B-1C1D-479A-A19B-C51719FD95EB}.Release|Any CPU.ActiveCfg = Release|Any CPU
		{4AB9A36B-1C1D-479A-A19B-C51719FD95EB}.Release|x86.ActiveCfg = Release|Any CPU
		{62694BE7-A026-4DED-A1F0-4772785F23C6}.Debug|Any CPU.ActiveCfg = Debug|Any CPU
		{62694BE7-A026-4DED-A1F0-4772785F23C6}.Debug|x86.ActiveCfg = Debug|Any CPU
		{62694BE7-A026-4DED-A1F0-4772785F23C6}.Release|Any CPU.ActiveCfg = Release|Any CPU
		{62694BE7-A026-4DED-A1F0-4772785F23C6}.Release|x86.ActiveCfg = Release|Any CPU
		{116037D5-35B5-485A-9F8B-2D3E44F6347B}.Debug|Any CPU.ActiveCfg = Debug|Any CPU
		{116037D5-35B5-485A-9F8B-2D3E44F6347B}.Debug|x86.ActiveCfg = Debug|Any CPU
		{116037D5-35B5-485A-9F8B-2D3E44F6347B}.Release|Any CPU.ActiveCfg = Release|Any CPU
		{116037D5-35B5-485A-9F8B-2D3E44F6347B}.Release|x86.ActiveCfg = Release|Any CPU
		{C190BE6B-5F08-4552-AEA9-B87EB6095AB7}.Debug|Any CPU.ActiveCfg = Debug|Any CPU
		{C190BE6B-5F08-4552-AEA9-B87EB6095AB7}.Debug|x86.ActiveCfg = Debug|Any CPU
		{C190BE6B-5F08-4552-AEA9-B87EB6095AB7}.Release|Any CPU.ActiveCfg = Release|Any CPU
		{C190BE6B-5F08-4552-AEA9-B87EB6095AB7}.Release|x86.ActiveCfg = Release|Any CPU
		{299D94DF-A8E1-48AD-9554-9E7C4A012717}.Debug|Any CPU.ActiveCfg = Debug|Any CPU
		{299D94DF-A8E1-48AD-9554-9E7C4A012717}.Debug|x86.ActiveCfg = Debug|Any CPU
		{299D94DF-A8E1-48AD-9554-9E7C4A012717}.Release|Any CPU.ActiveCfg = Release|Any CPU
		{299D94DF-A8E1-48AD-9554-9E7C4A012717}.Release|x86.ActiveCfg = Release|Any CPU
		{8218C8DA-C2B6-46F0-8E3A-1EB870336008}.Debug|Any CPU.ActiveCfg = Debug|Any CPU
		{8218C8DA-C2B6-46F0-8E3A-1EB870336008}.Debug|x86.ActiveCfg = Debug|Any CPU
		{8218C8DA-C2B6-46F0-8E3A-1EB870336008}.Release|Any CPU.ActiveCfg = Release|Any CPU
		{8218C8DA-C2B6-46F0-8E3A-1EB870336008}.Release|x86.ActiveCfg = Release|Any CPU
		{3949C0AF-11F5-43EE-AB63-35DE806FC0BC}.Debug|Any CPU.ActiveCfg = Debug|Any CPU
		{3949C0AF-11F5-43EE-AB63-35DE806FC0BC}.Debug|x86.ActiveCfg = Debug|Any CPU
		{3949C0AF-11F5-43EE-AB63-35DE806FC0BC}.Release|Any CPU.ActiveCfg = Release|Any CPU
		{3949C0AF-11F5-43EE-AB63-35DE806FC0BC}.Release|x86.ActiveCfg = Release|Any CPU
		{B8EADE73-A417-433C-9A3A-C743EFDBA5FF}.Debug|Any CPU.ActiveCfg = Debug|Any CPU
		{B8EADE73-A417-433C-9A3A-C743EFDBA5FF}.Debug|x86.ActiveCfg = Debug|Any CPU
		{B8EADE73-A417-433C-9A3A-C743EFDBA5FF}.Release|Any CPU.ActiveCfg = Release|Any CPU
		{B8EADE73-A417-433C-9A3A-C743EFDBA5FF}.Release|x86.ActiveCfg = Release|Any CPU
	EndGlobalSection
	GlobalSection(SolutionProperties) = preSolution
		HideSolutionNode = FALSE
	EndGlobalSection
	GlobalSection(NestedProjects) = preSolution
		{167203A7-25EC-4968-8E2A-6209779545F8} = {2D3937C3-3424-4170-8136-1102877FD9DA}
		{3DE99BE8-DD1D-4530-A633-D5CA1C18DC92} = {2D3937C3-3424-4170-8136-1102877FD9DA}
		{D82F0CB6-C9A1-4786-911F-A58A765852F6} = {2D3937C3-3424-4170-8136-1102877FD9DA}
		{B4A1E7FD-C0E4-4131-B1E8-341AA8364E43} = {2D3937C3-3424-4170-8136-1102877FD9DA}
		{DC723339-9691-4D85-A933-44D0908BCBC8} = {2D3937C3-3424-4170-8136-1102877FD9DA}
		{0B68DDE9-BC84-43A0-9F29-C68248C1DC93} = {2D3937C3-3424-4170-8136-1102877FD9DA}
		{C8B842DE-96E0-4D43-AAAF-5261AF8BC7C3} = {2D3937C3-3424-4170-8136-1102877FD9DA}
		{34343ADC-B8BF-4883-8D6D-0953EFA89FA0} = {2D3937C3-3424-4170-8136-1102877FD9DA}
		{0482A196-0A14-407C-A9E8-E587FA529DA3} = {2D3937C3-3424-4170-8136-1102877FD9DA}
		{D2E9B256-65CF-4EFF-927A-82C8A4A4C5F1} = {2D3937C3-3424-4170-8136-1102877FD9DA}
		{4F86A723-4E5C-4E81-A5F4-5738DF3CDFEE} = {2D3937C3-3424-4170-8136-1102877FD9DA}
		{0F1DFDD1-7F83-4D2C-BE4F-8D525C6501E3} = {2D3937C3-3424-4170-8136-1102877FD9DA}
		{697036B8-62A8-4EB5-BF8A-4EE3B678E2EE} = {2D3937C3-3424-4170-8136-1102877FD9DA}
		{9EA7DF18-9180-409E-A5FE-ED81ABFAE818} = {2D3937C3-3424-4170-8136-1102877FD9DA}
		{AC3AD587-BAC7-4510-9CD0-43D3C33B7CBA} = {2D3937C3-3424-4170-8136-1102877FD9DA}
		{E2240BF6-6BE7-4C41-8ED3-60F394AED103} = {ECDAE08D-1877-4B7E-B1F7-A8BE70156802}
		{4169925F-E30C-4B24-87EC-57383223E6AD} = {ECDAE08D-1877-4B7E-B1F7-A8BE70156802}
		{E85D48A4-6ECC-436A-80C7-AAC8DDBDD9F4} = {ECDAE08D-1877-4B7E-B1F7-A8BE70156802}
		{8E33EE40-2639-47C1-B4EE-FDC1685B377A} = {ECDAE08D-1877-4B7E-B1F7-A8BE70156802}
		{680DF4B6-FBC3-4714-8907-5011430F7CEB} = {ECDAE08D-1877-4B7E-B1F7-A8BE70156802}
		{C95B51B6-F0B2-4EB5-A068-A3AE7E32D887} = {ECDAE08D-1877-4B7E-B1F7-A8BE70156802}
		{7BA6016D-EEE8-4898-810D-8CE1885F959E} = {ECDAE08D-1877-4B7E-B1F7-A8BE70156802}
		{4AB9A36B-1C1D-479A-A19B-C51719FD95EB} = {ECDAE08D-1877-4B7E-B1F7-A8BE70156802}
		{62694BE7-A026-4DED-A1F0-4772785F23C6} = {ECDAE08D-1877-4B7E-B1F7-A8BE70156802}
		{116037D5-35B5-485A-9F8B-2D3E44F6347B} = {ECDAE08D-1877-4B7E-B1F7-A8BE70156802}
		{C190BE6B-5F08-4552-AEA9-B87EB6095AB7} = {ECDAE08D-1877-4B7E-B1F7-A8BE70156802}
		{299D94DF-A8E1-48AD-9554-9E7C4A012717} = {07F57508-90AC-479D-9522-9CEF22622519}
		{8218C8DA-C2B6-46F0-8E3A-1EB870336008} = {07F57508-90AC-479D-9522-9CEF22622519}
		{3949C0AF-11F5-43EE-AB63-35DE806FC0BC} = {07F57508-90AC-479D-9522-9CEF22622519}
		{B8EADE73-A417-433C-9A3A-C743EFDBA5FF} = {07F57508-90AC-479D-9522-9CEF22622519}
	EndGlobalSection
	GlobalSection(ExtensibilityGlobals) = postSolution
		SolutionGuid = {24CE3041-9D3F-4F31-9DDE-8594FA7FCC01}
	EndGlobalSection
EndGlobal
